
Microsoft Visual Studio Solution File, Format Version 12.00
# Visual Studio Version 16
VisualStudioVersion = 16.0.30503.244
MinimumVisualStudioVersion = 10.0.40219.1
Project("{2150E333-8FDC-42A3-9474-1A3956D46DE8}") = "Solution Items", "Solution Items", "{A1E908C7-8367-451C-A865-57F187C6AEB2}"
EndProject
Project("{2150E333-8FDC-42A3-9474-1A3956D46DE8}") = "command", "command", "{4F91473A-9ED3-4089-9F09-5A383359970C}"
	ProjectSection(SolutionItems) = preProject
		command\compile.cmd = command\compile.cmd
		command\javawrun.cmd = command\javawrun.cmd
		command\lcompile.sh = command\lcompile.sh
		command\nhnlrun.sh = command\nhnlrun.sh
		command\nhrun.sh = command\nhrun.sh
		command\run.cmd = command\run.cmd
		command\run.sh = command\run.sh
	EndProjectSection
EndProject
Project("{2150E333-8FDC-42A3-9474-1A3956D46DE8}") = "thirdpartjar", "thirdpartjar", "{D0554F49-DD3A-4319-9103-C83D36FD2FE7}"
	ProjectSection(SolutionItems) = preProject
		thirdpartjar\Java-WebSocket-1.5.1-with-dependencies.jar = thirdpartjar\Java-WebSocket-1.5.1-with-dependencies.jar
		thirdpartjar\json-20201115.jar = thirdpartjar\json-20201115.jar
	EndProjectSection
EndProject
Project("{2150E333-8FDC-42A3-9474-1A3956D46DE8}") = "webserver", "webserver", "{3D38AE2C-2AEF-46B8-9C67-85BFDED29E84}"
	ProjectSection(SolutionItems) = preProject
		webserver\AwpBotWebsiteServer.java = webserver\AwpBotWebsiteServer.java
		webserver\compile.cmd = webserver\compile.cmd
		webserver\javawrun.cmd = webserver\javawrun.cmd
		webserver\lcompile.sh = webserver\lcompile.sh
		webserver\nhnlrun.sh = webserver\nhnlrun.sh
		webserver\nhrun.sh = webserver\nhrun.sh
		webserver\run.cmd = webserver\run.cmd
		webserver\run.sh = webserver\run.sh
	EndProjectSection
EndProject
Project("{2150E333-8FDC-42A3-9474-1A3956D46DE8}") = "resource", "resource", "{41FAE4EA-83F1-407A-AF3F-ECA6624C5778}"
	ProjectSection(SolutionItems) = preProject
		webserver\resource\AwpBotWebsite.css = webserver\resource\AwpBotWebsite.css
		webserver\resource\AwpBotWebsite.html = webserver\resource\AwpBotWebsite.html
		webserver\resource\AwpBotWebsite.js = webserver\resource\AwpBotWebsite.js
	EndProjectSection
EndProject
Project("{2150E333-8FDC-42A3-9474-1A3956D46DE8}") = "source", "source", "{5BD60E2A-B7F3-4D0C-AB8C-19A27A8D5A2B}"
	ProjectSection(SolutionItems) = preProject
		source\AsftInt.java = source\AsftInt.java
		source\AsftOneBotApi.java = source\AsftOneBotApi.java
		source\AsftOneBotEvent.java = source\AsftOneBotEvent.java
		source\AsftOneBotMessage.java = source\AsftOneBotMessage.java
		source\AsftPair.java = source\AsftPair.java
		source\AwpBot.java = source\AwpBot.java
		source\AwpBotComponent.java = source\AwpBotComponent.java
		source\declaration.txt = source\declaration.txt
	EndProjectSection
EndProject
Global
	GlobalSection(SolutionProperties) = preSolution
		HideSolutionNode = FALSE
	EndGlobalSection
	GlobalSection(NestedProjects) = preSolution
		{4F91473A-9ED3-4089-9F09-5A383359970C} = {A1E908C7-8367-451C-A865-57F187C6AEB2}
		{D0554F49-DD3A-4319-9103-C83D36FD2FE7} = {A1E908C7-8367-451C-A865-57F187C6AEB2}
		{3D38AE2C-2AEF-46B8-9C67-85BFDED29E84} = {A1E908C7-8367-451C-A865-57F187C6AEB2}
		{41FAE4EA-83F1-407A-AF3F-ECA6624C5778} = {3D38AE2C-2AEF-46B8-9C67-85BFDED29E84}
		{5BD60E2A-B7F3-4D0C-AB8C-19A27A8D5A2B} = {A1E908C7-8367-451C-A865-57F187C6AEB2}
	EndGlobalSection
	GlobalSection(ExtensibilityGlobals) = postSolution
		SolutionGuid = {5F6E1EE9-B3B2-462E-9319-A35435857EAF}
	EndGlobalSection
EndGlobal
